
Microsoft Visual Studio Solution File, Format Version 12.00
# Visual Studio Version 16
VisualStudioVersion = 16.0.31424.327
MinimumVisualStudioVersion = 10.0.40219.1
Project("{2150E333-8FDC-42A3-9474-1A3956D46DE8}") = "01-UI", "01-UI", "{F577073B-447C-44DA-BB72-9485447791A3}"
EndProject
Project("{2150E333-8FDC-42A3-9474-1A3956D46DE8}") = "02-Shared", "02-Shared", "{F209C993-5943-4482-9613-862FEAA3D790}"
EndProject
Project("{2150E333-8FDC-42A3-9474-1A3956D46DE8}") = "03-Service", "03-Service", "{1F3A73BC-0547-4B8A-8294-90DCE891155C}"
EndProject
Project("{2150E333-8FDC-42A3-9474-1A3956D46DE8}") = "04-infrastructure", "04-infrastructure", "{40EBA8FE-9303-4697-80CF-AB4EC185EC41}"
EndProject
Project("{FAE04EC0-301F-11D3-BF4B-00C04F79EFBC}") = "Hrms.Lite.UI", "Hrms.Lite.UI\Hrms.Lite.UI.csproj", "{051D9700-8FF5-4854-B0C0-BCB0236FCF74}"
EndProject
Project("{FAE04EC0-301F-11D3-BF4B-00C04F79EFBC}") = "Hrms.Lite.Shared", "Hrms.Lite.Shared\Hrms.Lite.Shared.csproj", "{533E3572-DBBB-4DAB-9BFD-DF0150157438}"
EndProject
Project("{FAE04EC0-301F-11D3-BF4B-00C04F79EFBC}") = "Hrms.Lite.Services", "Hrms.Lite.Services\Hrms.Lite.Services.csproj", "{3FCD5F94-4A3C-488B-BBFB-17E7810E38AB}"
EndProject
Project("{FAE04EC0-301F-11D3-BF4B-00C04F79EFBC}") = "Hrms.Lite.Infrastructure", "Hrms.Lite.Infrastructure\Hrms.Lite.Infrastructure.csproj", "{0A252899-E503-4A2E-B62E-BC5171990951}"
EndProject
Global
	GlobalSection(SolutionConfigurationPlatforms) = preSolution
		Debug|Any CPU = Debug|Any CPU
		Release|Any CPU = Release|Any CPU
	EndGlobalSection
	GlobalSection(ProjectConfigurationPlatforms) = postSolution
		{051D9700-8FF5-4854-B0C0-BCB0236FCF74}.Debug|Any CPU.ActiveCfg = Debug|Any CPU
		{051D9700-8FF5-4854-B0C0-BCB0236FCF74}.Debug|Any CPU.Build.0 = Debug|Any CPU
		{051D9700-8FF5-4854-B0C0-BCB0236FCF74}.Release|Any CPU.ActiveCfg = Release|Any CPU
		{051D9700-8FF5-4854-B0C0-BCB0236FCF74}.Release|Any CPU.Build.0 = Release|Any CPU
		{533E3572-DBBB-4DAB-9BFD-DF0150157438}.Debug|Any CPU.ActiveCfg = Debug|Any CPU
		{533E3572-DBBB-4DAB-9BFD-DF0150157438}.Debug|Any CPU.Build.0 = Debug|Any CPU
		{533E3572-DBBB-4DAB-9BFD-DF0150157438}.Release|Any CPU.ActiveCfg = Release|Any CPU
		{533E3572-DBBB-4DAB-9BFD-DF0150157438}.Release|Any CPU.Build.0 = Release|Any CPU
		{3FCD5F94-4A3C-488B-BBFB-17E7810E38AB}.Debug|Any CPU.ActiveCfg = Debug|Any CPU
		{3FCD5F94-4A3C-488B-BBFB-17E7810E38AB}.Debug|Any CPU.Build.0 = Debug|Any CPU
		{3FCD5F94-4A3C-488B-BBFB-17E7810E38AB}.Release|Any CPU.ActiveCfg = Release|Any CPU
		{3FCD5F94-4A3C-488B-BBFB-17E7810E38AB}.Release|Any CPU.Build.0 = Release|Any CPU
		{0A252899-E503-4A2E-B62E-BC5171990951}.Debug|Any CPU.ActiveCfg = Debug|Any CPU
		{0A252899-E503-4A2E-B62E-BC5171990951}.Debug|Any CPU.Build.0 = Debug|Any CPU
		{0A252899-E503-4A2E-B62E-BC5171990951}.Release|Any CPU.ActiveCfg = Release|Any CPU
		{0A252899-E503-4A2E-B62E-BC5171990951}.Release|Any CPU.Build.0 = Release|Any CPU
	EndGlobalSection
	GlobalSection(SolutionProperties) = preSolution
		HideSolutionNode = FALSE
	EndGlobalSection
	GlobalSection(NestedProjects) = preSolution
		{051D9700-8FF5-4854-B0C0-BCB0236FCF74} = {F577073B-447C-44DA-BB72-9485447791A3}
		{533E3572-DBBB-4DAB-9BFD-DF0150157438} = {F209C993-5943-4482-9613-862FEAA3D790}
		{3FCD5F94-4A3C-488B-BBFB-17E7810E38AB} = {1F3A73BC-0547-4B8A-8294-90DCE891155C}
		{0A252899-E503-4A2E-B62E-BC5171990951} = {40EBA8FE-9303-4697-80CF-AB4EC185EC41}
	EndGlobalSection
	GlobalSection(ExtensibilityGlobals) = postSolution
		SolutionGuid = {F4846EAA-749E-4B5C-AC79-8259C9585E39}
	EndGlobalSection
EndGlobal
